
Microsoft Visual Studio Solution File, Format Version 12.00
# Visual Studio 14
VisualStudioVersion = 14.0.25123.0
MinimumVisualStudioVersion = 10.0.40219.1
Project("{FAE04EC0-301F-11D3-BF4B-00C04F79EFBC}") = "Microcosm", "Microcosm\Microcosm.csproj", "{7267EEF2-3D76-4DB9-A857-46DB85907EB4}"
EndProject
Project("{FAE04EC0-301F-11D3-BF4B-00C04F79EFBC}") = "Gametek.Monogame", "Gametek.Monogame\Gametek.Monogame.csproj", "{D7DF86DF-71FB-4961-A405-FD6FE4D6B333}"
EndProject
Global
	GlobalSection(SolutionConfigurationPlatforms) = preSolution
		Debug|Any CPU = Debug|Any CPU
		Debug|x86 = Debug|x86
		Release|Any CPU = Release|Any CPU
		Release|x86 = Release|x86
	EndGlobalSection
	GlobalSection(ProjectConfigurationPlatforms) = postSolution
		{7267EEF2-3D76-4DB9-A857-46DB85907EB4}.Debug|Any CPU.ActiveCfg = Debug|x86
		{7267EEF2-3D76-4DB9-A857-46DB85907EB4}.Debug|Any CPU.Build.0 = Debug|x86
		{7267EEF2-3D76-4DB9-A857-46DB85907EB4}.Debug|x86.ActiveCfg = Debug|x86
		{7267EEF2-3D76-4DB9-A857-46DB85907EB4}.Debug|x86.Build.0 = Debug|x86
		{7267EEF2-3D76-4DB9-A857-46DB85907EB4}.Release|Any CPU.ActiveCfg = Release|x86
		{7267EEF2-3D76-4DB9-A857-46DB85907EB4}.Release|Any CPU.Build.0 = Release|x86
		{7267EEF2-3D76-4DB9-A857-46DB85907EB4}.Release|x86.ActiveCfg = Release|x86
		{7267EEF2-3D76-4DB9-A857-46DB85907EB4}.Release|x86.Build.0 = Release|x86
		{D7DF86DF-71FB-4961-A405-FD6FE4D6B333}.Debug|Any CPU.ActiveCfg = Debug|Any CPU
		{D7DF86DF-71FB-4961-A405-FD6FE4D6B333}.Debug|Any CPU.Build.0 = Debug|Any CPU
		{D7DF86DF-71FB-4961-A405-FD6FE4D6B333}.Debug|x86.ActiveCfg = Debug|Any CPU
		{D7DF86DF-71FB-4961-A405-FD6FE4D6B333}.Debug|x86.Build.0 = Debug|Any CPU
		{D7DF86DF-71FB-4961-A405-FD6FE4D6B333}.Release|Any CPU.ActiveCfg = Release|Any CPU
		{D7DF86DF-71FB-4961-A405-FD6FE4D6B333}.Release|Any CPU.Build.0 = Release|Any CPU
		{D7DF86DF-71FB-4961-A405-FD6FE4D6B333}.Release|x86.ActiveCfg = Release|Any CPU
		{D7DF86DF-71FB-4961-A405-FD6FE4D6B333}.Release|x86.Build.0 = Release|Any CPU
	EndGlobalSection
	GlobalSection(SolutionProperties) = preSolution
		HideSolutionNode = FALSE
	EndGlobalSection
EndGlobal
